
Microsoft Visual Studio Solution File, Format Version 12.00
# Visual Studio 2013
VisualStudioVersion = 12.0.40629.0
MinimumVisualStudioVersion = 10.0.40219.1
Project("{FAE04EC0-301F-11D3-BF4B-00C04F79EFBC}") = "Edc.WebClient", "Edc.WebClient\Edc.WebClient.csproj", "{D7A6AE9A-7A27-4EDD-8347-CFEB7988F285}"
EndProject
Project("{FAE04EC0-301F-11D3-BF4B-00C04F79EFBC}") = "Edc.WebClient.Tests", "Edc.WebClient.Tests\Edc.WebClient.Tests.csproj", "{9A403D71-8697-43B6-887F-9210EBE87D50}"
EndProject
Project("{2150E333-8FDC-42A3-9474-1A3956D46DE8}") = "4 - WebClient", "4 - WebClient", "{12E2EEC6-FC09-4B6F-9605-1A4E680C8EB5}"
EndProject
Project("{2150E333-8FDC-42A3-9474-1A3956D46DE8}") = "3 - Api", "3 - Api", "{65CEF453-4F12-4C07-8C06-B561CB9B80A9}"
EndProject
Project("{2150E333-8FDC-42A3-9474-1A3956D46DE8}") = "1 - Infrastructure", "1 - Infrastructure", "{EF88967D-5B5F-4C67-A28C-7F8C7B98D651}"
EndProject
Project("{2150E333-8FDC-42A3-9474-1A3956D46DE8}") = "2 - Domain", "2 - Domain", "{BED3A00C-7EE6-4E66-A720-EDBA9EEED42D}"
EndProject
Project("{FAE04EC0-301F-11D3-BF4B-00C04F79EFBC}") = "Edc.Domain", "Edc.Domain\Edc.Domain.csproj", "{F3793531-0EBA-4D4A-AD4D-3745B2804DD3}"
EndProject
Project("{2150E333-8FDC-42A3-9474-1A3956D46DE8}") = "5 - Others", "5 - Others", "{97D071DC-1DE1-41BA-9EDA-DCB46AF34665}"
EndProject
Project("{FAE04EC0-301F-11D3-BF4B-00C04F79EFBC}") = "Edc.Infrastructure.DataAccess", "Edc.Infrastructure.DataAccess\Edc.Infrastructure.DataAccess.csproj", "{DC37D0C9-3E78-41F8-8886-80E02DFB2AB0}"
EndProject
Project("{FAE04EC0-301F-11D3-BF4B-00C04F79EFBC}") = "Edc.Domain.Services", "Edc.Infrastructure.Services\Edc.Domain.Services.csproj", "{E5ADF44A-C693-4F0E-9AD6-2913AB7E69AD}"
EndProject
Project("{FAE04EC0-301F-11D3-BF4B-00C04F79EFBC}") = "Edc.Api", "Edc.Api\Edc.Api.csproj", "{61239BAB-0860-421B-8E7D-C313D2588FC3}"
EndProject
Project("{FAE04EC0-301F-11D3-BF4B-00C04F79EFBC}") = "Edc.Api.Tests", "Edc.Api.Tests\Edc.Api.Tests.csproj", "{7C982901-5BFD-4EAC-B2EE-1926A2902A47}"
EndProject
Project("{FAE04EC0-301F-11D3-BF4B-00C04F79EFBC}") = "Edc.Domain.Services.Tests", "Edc.Domain.Services.Tests\Edc.Domain.Services.Tests.csproj", "{E77583D3-3E12-4A71-89FF-9DFB177056D8}"
EndProject
Project("{FAE04EC0-301F-11D3-BF4B-00C04F79EFBC}") = "Edc.Domain.Common", "Edc.Domain.Common\Edc.Domain.Common.csproj", "{F1E3D15D-A747-46D2-8C46-6EF45831C4B4}"
EndProject
Project("{FAE04EC0-301F-11D3-BF4B-00C04F79EFBC}") = "Edc.Infrastructure.Configuration", "Edc.Infrastructure.Configuration\Edc.Infrastructure.Configuration.csproj", "{3CD3F64C-D559-4994-B4C1-37C610A7987A}"
EndProject
Project("{FAE04EC0-301F-11D3-BF4B-00C04F79EFBC}") = "Urm.Infrastructure.DataAccess", "Urm.Infrastructure.DataAccess\Urm.Infrastructure.DataAccess.csproj", "{B1D66EB6-3FDC-4236-B7DE-CD6952AB6BED}"
EndProject
Global
	GlobalSection(SolutionConfigurationPlatforms) = preSolution
		Debug|Any CPU = Debug|Any CPU
		Release|Any CPU = Release|Any CPU
	EndGlobalSection
	GlobalSection(ProjectConfigurationPlatforms) = postSolution
		{D7A6AE9A-7A27-4EDD-8347-CFEB7988F285}.Debug|Any CPU.ActiveCfg = Debug|Any CPU
		{D7A6AE9A-7A27-4EDD-8347-CFEB7988F285}.Debug|Any CPU.Build.0 = Debug|Any CPU
		{D7A6AE9A-7A27-4EDD-8347-CFEB7988F285}.Release|Any CPU.ActiveCfg = Release|Any CPU
		{D7A6AE9A-7A27-4EDD-8347-CFEB7988F285}.Release|Any CPU.Build.0 = Release|Any CPU
		{9A403D71-8697-43B6-887F-9210EBE87D50}.Debug|Any CPU.ActiveCfg = Debug|Any CPU
		{9A403D71-8697-43B6-887F-9210EBE87D50}.Debug|Any CPU.Build.0 = Debug|Any CPU
		{9A403D71-8697-43B6-887F-9210EBE87D50}.Release|Any CPU.ActiveCfg = Release|Any CPU
		{9A403D71-8697-43B6-887F-9210EBE87D50}.Release|Any CPU.Build.0 = Release|Any CPU
		{F3793531-0EBA-4D4A-AD4D-3745B2804DD3}.Debug|Any CPU.ActiveCfg = Debug|Any CPU
		{F3793531-0EBA-4D4A-AD4D-3745B2804DD3}.Debug|Any CPU.Build.0 = Debug|Any CPU
		{F3793531-0EBA-4D4A-AD4D-3745B2804DD3}.Release|Any CPU.ActiveCfg = Release|Any CPU
		{F3793531-0EBA-4D4A-AD4D-3745B2804DD3}.Release|Any CPU.Build.0 = Release|Any CPU
		{DC37D0C9-3E78-41F8-8886-80E02DFB2AB0}.Debug|Any CPU.ActiveCfg = Debug|Any CPU
		{DC37D0C9-3E78-41F8-8886-80E02DFB2AB0}.Debug|Any CPU.Build.0 = Debug|Any CPU
		{DC37D0C9-3E78-41F8-8886-80E02DFB2AB0}.Release|Any CPU.ActiveCfg = Release|Any CPU
		{DC37D0C9-3E78-41F8-8886-80E02DFB2AB0}.Release|Any CPU.Build.0 = Release|Any CPU
		{E5ADF44A-C693-4F0E-9AD6-2913AB7E69AD}.Debug|Any CPU.ActiveCfg = Debug|Any CPU
		{E5ADF44A-C693-4F0E-9AD6-2913AB7E69AD}.Debug|Any CPU.Build.0 = Debug|Any CPU
		{E5ADF44A-C693-4F0E-9AD6-2913AB7E69AD}.Release|Any CPU.ActiveCfg = Release|Any CPU
		{E5ADF44A-C693-4F0E-9AD6-2913AB7E69AD}.Release|Any CPU.Build.0 = Release|Any CPU
		{61239BAB-0860-421B-8E7D-C313D2588FC3}.Debug|Any CPU.ActiveCfg = Debug|Any CPU
		{61239BAB-0860-421B-8E7D-C313D2588FC3}.Debug|Any CPU.Build.0 = Debug|Any CPU
		{61239BAB-0860-421B-8E7D-C313D2588FC3}.Release|Any CPU.ActiveCfg = Release|Any CPU
		{61239BAB-0860-421B-8E7D-C313D2588FC3}.Release|Any CPU.Build.0 = Release|Any CPU
		{7C982901-5BFD-4EAC-B2EE-1926A2902A47}.Debug|Any CPU.ActiveCfg = Debug|Any CPU
		{7C982901-5BFD-4EAC-B2EE-1926A2902A47}.Debug|Any CPU.Build.0 = Debug|Any CPU
		{7C982901-5BFD-4EAC-B2EE-1926A2902A47}.Release|Any CPU.ActiveCfg = Release|Any CPU
		{7C982901-5BFD-4EAC-B2EE-1926A2902A47}.Release|Any CPU.Build.0 = Release|Any CPU
		{E77583D3-3E12-4A71-89FF-9DFB177056D8}.Debug|Any CPU.ActiveCfg = Debug|Any CPU
		{E77583D3-3E12-4A71-89FF-9DFB177056D8}.Debug|Any CPU.Build.0 = Debug|Any CPU
		{E77583D3-3E12-4A71-89FF-9DFB177056D8}.Release|Any CPU.ActiveCfg = Release|Any CPU
		{E77583D3-3E12-4A71-89FF-9DFB177056D8}.Release|Any CPU.Build.0 = Release|Any CPU
		{F1E3D15D-A747-46D2-8C46-6EF45831C4B4}.Debug|Any CPU.ActiveCfg = Debug|Any CPU
		{F1E3D15D-A747-46D2-8C46-6EF45831C4B4}.Debug|Any CPU.Build.0 = Debug|Any CPU
		{F1E3D15D-A747-46D2-8C46-6EF45831C4B4}.Release|Any CPU.ActiveCfg = Release|Any CPU
		{F1E3D15D-A747-46D2-8C46-6EF45831C4B4}.Release|Any CPU.Build.0 = Release|Any CPU
		{3CD3F64C-D559-4994-B4C1-37C610A7987A}.Debug|Any CPU.ActiveCfg = Debug|Any CPU
		{3CD3F64C-D559-4994-B4C1-37C610A7987A}.Debug|Any CPU.Build.0 = Debug|Any CPU
		{3CD3F64C-D559-4994-B4C1-37C610A7987A}.Release|Any CPU.ActiveCfg = Release|Any CPU
		{3CD3F64C-D559-4994-B4C1-37C610A7987A}.Release|Any CPU.Build.0 = Release|Any CPU
		{B1D66EB6-3FDC-4236-B7DE-CD6952AB6BED}.Debug|Any CPU.ActiveCfg = Debug|Any CPU
		{B1D66EB6-3FDC-4236-B7DE-CD6952AB6BED}.Debug|Any CPU.Build.0 = Debug|Any CPU
		{B1D66EB6-3FDC-4236-B7DE-CD6952AB6BED}.Release|Any CPU.ActiveCfg = Release|Any CPU
		{B1D66EB6-3FDC-4236-B7DE-CD6952AB6BED}.Release|Any CPU.Build.0 = Release|Any CPU
	EndGlobalSection
	GlobalSection(SolutionProperties) = preSolution
		HideSolutionNode = FALSE
	EndGlobalSection
	GlobalSection(NestedProjects) = preSolution
		{D7A6AE9A-7A27-4EDD-8347-CFEB7988F285} = {12E2EEC6-FC09-4B6F-9605-1A4E680C8EB5}
		{9A403D71-8697-43B6-887F-9210EBE87D50} = {12E2EEC6-FC09-4B6F-9605-1A4E680C8EB5}
		{F3793531-0EBA-4D4A-AD4D-3745B2804DD3} = {BED3A00C-7EE6-4E66-A720-EDBA9EEED42D}
		{DC37D0C9-3E78-41F8-8886-80E02DFB2AB0} = {EF88967D-5B5F-4C67-A28C-7F8C7B98D651}
		{E5ADF44A-C693-4F0E-9AD6-2913AB7E69AD} = {BED3A00C-7EE6-4E66-A720-EDBA9EEED42D}
		{61239BAB-0860-421B-8E7D-C313D2588FC3} = {65CEF453-4F12-4C07-8C06-B561CB9B80A9}
		{7C982901-5BFD-4EAC-B2EE-1926A2902A47} = {65CEF453-4F12-4C07-8C06-B561CB9B80A9}
		{E77583D3-3E12-4A71-89FF-9DFB177056D8} = {BED3A00C-7EE6-4E66-A720-EDBA9EEED42D}
		{F1E3D15D-A747-46D2-8C46-6EF45831C4B4} = {BED3A00C-7EE6-4E66-A720-EDBA9EEED42D}
		{3CD3F64C-D559-4994-B4C1-37C610A7987A} = {EF88967D-5B5F-4C67-A28C-7F8C7B98D651}
		{B1D66EB6-3FDC-4236-B7DE-CD6952AB6BED} = {EF88967D-5B5F-4C67-A28C-7F8C7B98D651}
	EndGlobalSection
EndGlobal
