
Microsoft Visual Studio Solution File, Format Version 12.00
# Visual Studio 2013
VisualStudioVersion = 12.0.40629.0
MinimumVisualStudioVersion = 10.0.40219.1
Project("{FAE04EC0-301F-11D3-BF4B-00C04F79EFBC}") = "MTC.WebClient", "WebClient\MTC.WebClient.csproj", "{D7A6AE9A-7A27-4EDD-8347-CFEB7988F285}"
EndProject
Project("{FAE04EC0-301F-11D3-BF4B-00C04F79EFBC}") = "MTC.WebClient.Tests", "WebClient.Tests\MTC.WebClient.Tests.csproj", "{9A403D71-8697-43B6-887F-9210EBE87D50}"
EndProject
Global
	GlobalSection(SolutionConfigurationPlatforms) = preSolution
		Debug|Any CPU = Debug|Any CPU
		Release|Any CPU = Release|Any CPU
	EndGlobalSection
	GlobalSection(ProjectConfigurationPlatforms) = postSolution
		{D7A6AE9A-7A27-4EDD-8347-CFEB7988F285}.Debug|Any CPU.ActiveCfg = Debug|Any CPU
		{D7A6AE9A-7A27-4EDD-8347-CFEB7988F285}.Debug|Any CPU.Build.0 = Debug|Any CPU
		{D7A6AE9A-7A27-4EDD-8347-CFEB7988F285}.Release|Any CPU.ActiveCfg = Release|Any CPU
		{D7A6AE9A-7A27-4EDD-8347-CFEB7988F285}.Release|Any CPU.Build.0 = Release|Any CPU
		{9A403D71-8697-43B6-887F-9210EBE87D50}.Debug|Any CPU.ActiveCfg = Debug|Any CPU
		{9A403D71-8697-43B6-887F-9210EBE87D50}.Debug|Any CPU.Build.0 = Debug|Any CPU
		{9A403D71-8697-43B6-887F-9210EBE87D50}.Release|Any CPU.ActiveCfg = Release|Any CPU
		{9A403D71-8697-43B6-887F-9210EBE87D50}.Release|Any CPU.Build.0 = Release|Any CPU
	EndGlobalSection
	GlobalSection(SolutionProperties) = preSolution
		HideSolutionNode = FALSE
	EndGlobalSection
EndGlobal
